
Microsoft Visual Studio Solution File, Format Version 12.00
# Visual Studio Version 17
VisualStudioVersion = 17.0.31903.59
MinimumVisualStudioVersion = 10.0.40219.1
Project("{2150E333-8FDC-42A3-9474-1A3956D46DE8}") = "BuildingBlocks", "BuildingBlocks", "{7266C4A9-E384-DC00-0EB6-47F6002CFBA7}"
EndProject
Project("{FAE04EC0-301F-11D3-BF4B-00C04F79EFBC}") = "Norn.BuildingBlocks.Chaos", "src\BuildingBlocks\Norn.BuildingBlocks.Chaos\Norn.BuildingBlocks.Chaos.csproj", "{08241E58-1E0D-463F-AE90-014DE479E64D}"
EndProject
Project("{2150E333-8FDC-42A3-9474-1A3956D46DE8}") = "Platform", "Platform", "{E54149B9-7F22-367F-9CC5-FD829E3AA07B}"
EndProject
Project("{FAE04EC0-301F-11D3-BF4B-00C04F79EFBC}") = "Norn.Contracts", "src\Platform\Norn.Contracts\Norn.Contracts.csproj", "{B2A244AD-E496-4BBD-99EC-F5743BB5211D}"
EndProject
Project("{2150E333-8FDC-42A3-9474-1A3956D46DE8}") = "Shop", "Shop", "{EB6849BA-AABB-1922-712B-1FE086F7B274}"
EndProject
Project("{FAE04EC0-301F-11D3-BF4B-00C04F79EFBC}") = "Norn.Shop.Contracts", "src\Shop\Norn.Shop.Contracts\Norn.Shop.Contracts.csproj", "{9513AF22-8A4F-4413-939B-4A7F9192EACD}"
EndProject
Project("{FAE04EC0-301F-11D3-BF4B-00C04F79EFBC}") = "Norn.BuildingBlocks.Telemetry", "src\BuildingBlocks\Norn.BuildingBlocks.Telemetry\Norn.BuildingBlocks.Telemetry.csproj", "{417CC523-CAB4-4D12-9144-2E0003FA638E}"
EndProject
Project("{FAE04EC0-301F-11D3-BF4B-00C04F79EFBC}") = "Norn.BuildingBlocks.Web", "src\BuildingBlocks\Norn.BuildingBlocks.Web\Norn.BuildingBlocks.Web.csproj", "{1F82A294-BBA1-4A3F-B092-8E9443ED885F}"
EndProject
Project("{FAE04EC0-301F-11D3-BF4B-00C04F79EFBC}") = "Norn.BuildingBlocks.Messaging", "src\BuildingBlocks\Norn.BuildingBlocks.Messaging\Norn.BuildingBlocks.Messaging.csproj", "{2F2170E0-212A-4F54-A5D5-578C9A98E966}"
EndProject
Project("{2150E333-8FDC-42A3-9474-1A3956D46DE8}") = "Tests", "Tests", "{0AB3BF05-4346-4AA6-1389-037BE0695223}"
EndProject
Project("{2150E333-8FDC-42A3-9474-1A3956D46DE8}") = "Architecture", "Architecture", "{875CD587-DE2F-08EE-74FB-D6BE4E474EF3}"
EndProject
Project("{FAE04EC0-301F-11D3-BF4B-00C04F79EFBC}") = "Norn.ArchitectureTests", "tests\Architecture\Norn.ArchitectureTests\Norn.ArchitectureTests.csproj", "{8870DB21-3B2A-4354-A57D-DDD1D743A168}"
EndProject
Project("{2150E333-8FDC-42A3-9474-1A3956D46DE8}") = "Platform", "Platform", "{0BBE7088-7CBC-971A-0DFF-8D023E1EA1B7}"
EndProject
Project("{FAE04EC0-301F-11D3-BF4B-00C04F79EFBC}") = "Norn.Contracts.UnitTests", "tests\Platform\Norn.Contracts.UnitTests\Norn.Contracts.UnitTests.csproj", "{91CEB248-3896-4F21-AF27-60B379F8550D}"
EndProject
Project("{2150E333-8FDC-42A3-9474-1A3956D46DE8}") = "Shop", "Shop", "{9A226CF2-40B0-73DD-2F5C-7F54B344D289}"
EndProject
Project("{FAE04EC0-301F-11D3-BF4B-00C04F79EFBC}") = "Norn.Shop.Contracts.UnitTests", "tests\Shop\Norn.Shop.Contracts.UnitTests\Norn.Shop.Contracts.UnitTests.csproj", "{DFF1B5A5-874C-45F3-8A7D-DBE8513684EC}"
EndProject
Project("{FAE04EC0-301F-11D3-BF4B-00C04F79EFBC}") = "Norn.Shop.Catalog.API", "src\Shop\Norn.Shop.Catalog.API\Norn.Shop.Catalog.API.csproj", "{6E638AE7-606B-4269-A412-2833BECCC2CA}"
EndProject
Project("{FAE04EC0-301F-11D3-BF4B-00C04F79EFBC}") = "Norn.Shop.Catalog.API.UnitTests", "tests\Shop\Norn.Shop.Catalog.API.UnitTests\Norn.Shop.Catalog.API.UnitTests.csproj", "{4E23B9DC-45DA-4244-A37C-18CCE9DB021F}"
EndProject
Project("{FAE04EC0-301F-11D3-BF4B-00C04F79EFBC}") = "Norn.Shop.Catalog.API.IntegrationTests", "tests\Shop\Norn.Shop.Catalog.API.IntegrationTests\Norn.Shop.Catalog.API.IntegrationTests.csproj", "{B646393B-CD83-4A48-B214-E1BAFE42F786}"
EndProject
Project("{FAE04EC0-301F-11D3-BF4B-00C04F79EFBC}") = "Norn.Shop.Order.API", "src\Shop\Norn.Shop.Order.API\Norn.Shop.Order.API.csproj", "{7C2BB313-BB9D-4E36-B764-09246CEEFFB6}"
EndProject
Project("{FAE04EC0-301F-11D3-BF4B-00C04F79EFBC}") = "Norn.Shop.Payment.API", "src\Shop\Norn.Shop.Payment.API\Norn.Shop.Payment.API.csproj", "{E070A594-3829-4F11-A072-20334F4CC46A}"
EndProject
Project("{FAE04EC0-301F-11D3-BF4B-00C04F79EFBC}") = "Norn.Shop.Order.API.UnitTests", "tests\Shop\Norn.Shop.Order.API.UnitTests\Norn.Shop.Order.API.UnitTests.csproj", "{E3A63F94-3790-4B39-AAE2-69AD4FE7F420}"
EndProject
Project("{FAE04EC0-301F-11D3-BF4B-00C04F79EFBC}") = "Norn.Shop.Payment.API.UnitTests", "tests\Shop\Norn.Shop.Payment.API.UnitTests\Norn.Shop.Payment.API.UnitTests.csproj", "{FF897AEF-8748-4189-B34B-490ABAB09A40}"
EndProject
Project("{FAE04EC0-301F-11D3-BF4B-00C04F79EFBC}") = "Norn.Shop.Order.API.IntegrationTests", "tests\Shop\Norn.Shop.Order.API.IntegrationTests\Norn.Shop.Order.API.IntegrationTests.csproj", "{5F351898-6E0F-41C8-ABA4-C14ED9E26E8A}"
EndProject
Project("{FAE04EC0-301F-11D3-BF4B-00C04F79EFBC}") = "Norn.Shop.Payment.API.IntegrationTests", "tests\Shop\Norn.Shop.Payment.API.IntegrationTests\Norn.Shop.Payment.API.IntegrationTests.csproj", "{76FD8C21-F338-4F56-8E57-A544B042EA2C}"
EndProject
Project("{2150E333-8FDC-42A3-9474-1A3956D46DE8}") = "BuildingBlocks", "BuildingBlocks", "{AD3136F1-6676-2AF3-8A96-F3C6585F1CB9}"
EndProject
Project("{FAE04EC0-301F-11D3-BF4B-00C04F79EFBC}") = "Norn.BuildingBlocks.Chaos.UnitTests", "tests\BuildingBlocks\Norn.BuildingBlocks.Chaos.UnitTests\Norn.BuildingBlocks.Chaos.UnitTests.csproj", "{D1D7E1A6-F2B2-496C-A08B-6DC546EB4BC1}"
EndProject
Project("{2150E333-8FDC-42A3-9474-1A3956D46DE8}") = "tools", "tools", "{07C2787E-EAC7-C090-1BA3-A61EC2A24D84}"
EndProject
Project("{FAE04EC0-301F-11D3-BF4B-00C04F79EFBC}") = "Norn.LoadGenerator", "tools\Norn.LoadGenerator\Norn.LoadGenerator.csproj", "{C5D772AA-35D4-401E-8DDC-7DAA825A5D01}"
EndProject
Global
	GlobalSection(SolutionConfigurationPlatforms) = preSolution
		Debug|Any CPU = Debug|Any CPU
		Debug|x64 = Debug|x64
		Debug|x86 = Debug|x86
		Release|Any CPU = Release|Any CPU
		Release|x64 = Release|x64
		Release|x86 = Release|x86
	EndGlobalSection
	GlobalSection(ProjectConfigurationPlatforms) = postSolution
		{08241E58-1E0D-463F-AE90-014DE479E64D}.Debug|Any CPU.ActiveCfg = Debug|Any CPU
		{08241E58-1E0D-463F-AE90-014DE479E64D}.Debug|Any CPU.Build.0 = Debug|Any CPU
		{08241E58-1E0D-463F-AE90-014DE479E64D}.Debug|x64.ActiveCfg = Debug|Any CPU
		{08241E58-1E0D-463F-AE90-014DE479E64D}.Debug|x64.Build.0 = Debug|Any CPU
		{08241E58-1E0D-463F-AE90-014DE479E64D}.Debug|x86.ActiveCfg = Debug|Any CPU
		{08241E58-1E0D-463F-AE90-014DE479E64D}.Debug|x86.Build.0 = Debug|Any CPU
		{08241E58-1E0D-463F-AE90-014DE479E64D}.Release|Any CPU.ActiveCfg = Release|Any CPU
		{08241E58-1E0D-463F-AE90-014DE479E64D}.Release|Any CPU.Build.0 = Release|Any CPU
		{08241E58-1E0D-463F-AE90-014DE479E64D}.Release|x64.ActiveCfg = Release|Any CPU
		{08241E58-1E0D-463F-AE90-014DE479E64D}.Release|x64.Build.0 = Release|Any CPU
		{08241E58-1E0D-463F-AE90-014DE479E64D}.Release|x86.ActiveCfg = Release|Any CPU
		{08241E58-1E0D-463F-AE90-014DE479E64D}.Release|x86.Build.0 = Release|Any CPU
		{B2A244AD-E496-4BBD-99EC-F5743BB5211D}.Debug|Any CPU.ActiveCfg = Debug|Any CPU
		{B2A244AD-E496-4BBD-99EC-F5743BB5211D}.Debug|Any CPU.Build.0 = Debug|Any CPU
		{B2A244AD-E496-4BBD-99EC-F5743BB5211D}.Debug|x64.ActiveCfg = Debug|Any CPU
		{B2A244AD-E496-4BBD-99EC-F5743BB5211D}.Debug|x64.Build.0 = Debug|Any CPU
		{B2A244AD-E496-4BBD-99EC-F5743BB5211D}.Debug|x86.ActiveCfg = Debug|Any CPU
		{B2A244AD-E496-4BBD-99EC-F5743BB5211D}.Debug|x86.Build.0 = Debug|Any CPU
		{B2A244AD-E496-4BBD-99EC-F5743BB5211D}.Release|Any CPU.ActiveCfg = Release|Any CPU
		{B2A244AD-E496-4BBD-99EC-F5743BB5211D}.Release|Any CPU.Build.0 = Release|Any CPU
		{B2A244AD-E496-4BBD-99EC-F5743BB5211D}.Release|x64.ActiveCfg = Release|Any CPU
		{B2A244AD-E496-4BBD-99EC-F5743BB5211D}.Release|x64.Build.0 = Release|Any CPU
		{B2A244AD-E496-4BBD-99EC-F5743BB5211D}.Release|x86.ActiveCfg = Release|Any CPU
		{B2A244AD-E496-4BBD-99EC-F5743BB5211D}.Release|x86.Build.0 = Release|Any CPU
		{9513AF22-8A4F-4413-939B-4A7F9192EACD}.Debug|Any CPU.ActiveCfg = Debug|Any CPU
		{9513AF22-8A4F-4413-939B-4A7F9192EACD}.Debug|Any CPU.Build.0 = Debug|Any CPU
		{9513AF22-8A4F-4413-939B-4A7F9192EACD}.Debug|x64.ActiveCfg = Debug|Any CPU
		{9513AF22-8A4F-4413-939B-4A7F9192EACD}.Debug|x64.Build.0 = Debug|Any CPU
		{9513AF22-8A4F-4413-939B-4A7F9192EACD}.Debug|x86.ActiveCfg = Debug|Any CPU
		{9513AF22-8A4F-4413-939B-4A7F9192EACD}.Debug|x86.Build.0 = Debug|Any CPU
		{9513AF22-8A4F-4413-939B-4A7F9192EACD}.Release|Any CPU.ActiveCfg = Release|Any CPU
		{9513AF22-8A4F-4413-939B-4A7F9192EACD}.Release|Any CPU.Build.0 = Release|Any CPU
		{9513AF22-8A4F-4413-939B-4A7F9192EACD}.Release|x64.ActiveCfg = Release|Any CPU
		{9513AF22-8A4F-4413-939B-4A7F9192EACD}.Release|x64.Build.0 = Release|Any CPU
		{9513AF22-8A4F-4413-939B-4A7F9192EACD}.Release|x86.ActiveCfg = Release|Any CPU
		{9513AF22-8A4F-4413-939B-4A7F9192EACD}.Release|x86.Build.0 = Release|Any CPU
		{417CC523-CAB4-4D12-9144-2E0003FA638E}.Debug|Any CPU.ActiveCfg = Debug|Any CPU
		{417CC523-CAB4-4D12-9144-2E0003FA638E}.Debug|Any CPU.Build.0 = Debug|Any CPU
		{417CC523-CAB4-4D12-9144-2E0003FA638E}.Debug|x64.ActiveCfg = Debug|Any CPU
		{417CC523-CAB4-4D12-9144-2E0003FA638E}.Debug|x64.Build.0 = Debug|Any CPU
		{417CC523-CAB4-4D12-9144-2E0003FA638E}.Debug|x86.ActiveCfg = Debug|Any CPU
		{417CC523-CAB4-4D12-9144-2E0003FA638E}.Debug|x86.Build.0 = Debug|Any CPU
		{417CC523-CAB4-4D12-9144-2E0003FA638E}.Release|Any CPU.ActiveCfg = Release|Any CPU
		{417CC523-CAB4-4D12-9144-2E0003FA638E}.Release|Any CPU.Build.0 = Release|Any CPU
		{417CC523-CAB4-4D12-9144-2E0003FA638E}.Release|x64.ActiveCfg = Release|Any CPU
		{417CC523-CAB4-4D12-9144-2E0003FA638E}.Release|x64.Build.0 = Release|Any CPU
		{417CC523-CAB4-4D12-9144-2E0003FA638E}.Release|x86.ActiveCfg = Release|Any CPU
		{417CC523-CAB4-4D12-9144-2E0003FA638E}.Release|x86.Build.0 = Release|Any CPU
		{1F82A294-BBA1-4A3F-B092-8E9443ED885F}.Debug|Any CPU.ActiveCfg = Debug|Any CPU
		{1F82A294-BBA1-4A3F-B092-8E9443ED885F}.Debug|Any CPU.Build.0 = Debug|Any CPU
		{1F82A294-BBA1-4A3F-B092-8E9443ED885F}.Debug|x64.ActiveCfg = Debug|Any CPU
		{1F82A294-BBA1-4A3F-B092-8E9443ED885F}.Debug|x64.Build.0 = Debug|Any CPU
		{1F82A294-BBA1-4A3F-B092-8E9443ED885F}.Debug|x86.ActiveCfg = Debug|Any CPU
		{1F82A294-BBA1-4A3F-B092-8E9443ED885F}.Debug|x86.Build.0 = Debug|Any CPU
		{1F82A294-BBA1-4A3F-B092-8E9443ED885F}.Release|Any CPU.ActiveCfg = Release|Any CPU
		{1F82A294-BBA1-4A3F-B092-8E9443ED885F}.Release|Any CPU.Build.0 = Release|Any CPU
		{1F82A294-BBA1-4A3F-B092-8E9443ED885F}.Release|x64.ActiveCfg = Release|Any CPU
		{1F82A294-BBA1-4A3F-B092-8E9443ED885F}.Release|x64.Build.0 = Release|Any CPU
		{1F82A294-BBA1-4A3F-B092-8E9443ED885F}.Release|x86.ActiveCfg = Release|Any CPU
		{1F82A294-BBA1-4A3F-B092-8E9443ED885F}.Release|x86.Build.0 = Release|Any CPU
		{2F2170E0-212A-4F54-A5D5-578C9A98E966}.Debug|Any CPU.ActiveCfg = Debug|Any CPU
		{2F2170E0-212A-4F54-A5D5-578C9A98E966}.Debug|Any CPU.Build.0 = Debug|Any CPU
		{2F2170E0-212A-4F54-A5D5-578C9A98E966}.Debug|x64.ActiveCfg = Debug|Any CPU
		{2F2170E0-212A-4F54-A5D5-578C9A98E966}.Debug|x64.Build.0 = Debug|Any CPU
		{2F2170E0-212A-4F54-A5D5-578C9A98E966}.Debug|x86.ActiveCfg = Debug|Any CPU
		{2F2170E0-212A-4F54-A5D5-578C9A98E966}.Debug|x86.Build.0 = Debug|Any CPU
		{2F2170E0-212A-4F54-A5D5-578C9A98E966}.Release|Any CPU.ActiveCfg = Release|Any CPU
		{2F2170E0-212A-4F54-A5D5-578C9A98E966}.Release|Any CPU.Build.0 = Release|Any CPU
		{2F2170E0-212A-4F54-A5D5-578C9A98E966}.Release|x64.ActiveCfg = Release|Any CPU
		{2F2170E0-212A-4F54-A5D5-578C9A98E966}.Release|x64.Build.0 = Release|Any CPU
		{2F2170E0-212A-4F54-A5D5-578C9A98E966}.Release|x86.ActiveCfg = Release|Any CPU
		{2F2170E0-212A-4F54-A5D5-578C9A98E966}.Release|x86.Build.0 = Release|Any CPU
		{8870DB21-3B2A-4354-A57D-DDD1D743A168}.Debug|Any CPU.ActiveCfg = Debug|Any CPU
		{8870DB21-3B2A-4354-A57D-DDD1D743A168}.Debug|Any CPU.Build.0 = Debug|Any CPU
		{8870DB21-3B2A-4354-A57D-DDD1D743A168}.Debug|x64.ActiveCfg = Debug|Any CPU
		{8870DB21-3B2A-4354-A57D-DDD1D743A168}.Debug|x64.Build.0 = Debug|Any CPU
		{8870DB21-3B2A-4354-A57D-DDD1D743A168}.Debug|x86.ActiveCfg = Debug|Any CPU
		{8870DB21-3B2A-4354-A57D-DDD1D743A168}.Debug|x86.Build.0 = Debug|Any CPU
		{8870DB21-3B2A-4354-A57D-DDD1D743A168}.Release|Any CPU.ActiveCfg = Release|Any CPU
		{8870DB21-3B2A-4354-A57D-DDD1D743A168}.Release|Any CPU.Build.0 = Release|Any CPU
		{8870DB21-3B2A-4354-A57D-DDD1D743A168}.Release|x64.ActiveCfg = Release|Any CPU
		{8870DB21-3B2A-4354-A57D-DDD1D743A168}.Release|x64.Build.0 = Release|Any CPU
		{8870DB21-3B2A-4354-A57D-DDD1D743A168}.Release|x86.ActiveCfg = Release|Any CPU
		{8870DB21-3B2A-4354-A57D-DDD1D743A168}.Release|x86.Build.0 = Release|Any CPU
		{91CEB248-3896-4F21-AF27-60B379F8550D}.Debug|Any CPU.ActiveCfg = Debug|Any CPU
		{91CEB248-3896-4F21-AF27-60B379F8550D}.Debug|Any CPU.Build.0 = Debug|Any CPU
		{91CEB248-3896-4F21-AF27-60B379F8550D}.Debug|x64.ActiveCfg = Debug|Any CPU
		{91CEB248-3896-4F21-AF27-60B379F8550D}.Debug|x64.Build.0 = Debug|Any CPU
		{91CEB248-3896-4F21-AF27-60B379F8550D}.Debug|x86.ActiveCfg = Debug|Any CPU
		{91CEB248-3896-4F21-AF27-60B379F8550D}.Debug|x86.Build.0 = Debug|Any CPU
		{91CEB248-3896-4F21-AF27-60B379F8550D}.Release|Any CPU.ActiveCfg = Release|Any CPU
		{91CEB248-3896-4F21-AF27-60B379F8550D}.Release|Any CPU.Build.0 = Release|Any CPU
		{91CEB248-3896-4F21-AF27-60B379F8550D}.Release|x64.ActiveCfg = Release|Any CPU
		{91CEB248-3896-4F21-AF27-60B379F8550D}.Release|x64.Build.0 = Release|Any CPU
		{91CEB248-3896-4F21-AF27-60B379F8550D}.Release|x86.ActiveCfg = Release|Any CPU
		{91CEB248-3896-4F21-AF27-60B379F8550D}.Release|x86.Build.0 = Release|Any CPU
		{DFF1B5A5-874C-45F3-8A7D-DBE8513684EC}.Debug|Any CPU.ActiveCfg = Debug|Any CPU
		{DFF1B5A5-874C-45F3-8A7D-DBE8513684EC}.Debug|Any CPU.Build.0 = Debug|Any CPU
		{DFF1B5A5-874C-45F3-8A7D-DBE8513684EC}.Debug|x64.ActiveCfg = Debug|Any CPU
		{DFF1B5A5-874C-45F3-8A7D-DBE8513684EC}.Debug|x64.Build.0 = Debug|Any CPU
		{DFF1B5A5-874C-45F3-8A7D-DBE8513684EC}.Debug|x86.ActiveCfg = Debug|Any CPU
		{DFF1B5A5-874C-45F3-8A7D-DBE8513684EC}.Debug|x86.Build.0 = Debug|Any CPU
		{DFF1B5A5-874C-45F3-8A7D-DBE8513684EC}.Release|Any CPU.ActiveCfg = Release|Any CPU
		{DFF1B5A5-874C-45F3-8A7D-DBE8513684EC}.Release|Any CPU.Build.0 = Release|Any CPU
		{DFF1B5A5-874C-45F3-8A7D-DBE8513684EC}.Release|x64.ActiveCfg = Release|Any CPU
		{DFF1B5A5-874C-45F3-8A7D-DBE8513684EC}.Release|x64.Build.0 = Release|Any CPU
		{DFF1B5A5-874C-45F3-8A7D-DBE8513684EC}.Release|x86.ActiveCfg = Release|Any CPU
		{DFF1B5A5-874C-45F3-8A7D-DBE8513684EC}.Release|x86.Build.0 = Release|Any CPU
		{6E638AE7-606B-4269-A412-2833BECCC2CA}.Debug|Any CPU.ActiveCfg = Debug|Any CPU
		{6E638AE7-606B-4269-A412-2833BECCC2CA}.Debug|Any CPU.Build.0 = Debug|Any CPU
		{6E638AE7-606B-4269-A412-2833BECCC2CA}.Debug|x64.ActiveCfg = Debug|Any CPU
		{6E638AE7-606B-4269-A412-2833BECCC2CA}.Debug|x64.Build.0 = Debug|Any CPU
		{6E638AE7-606B-4269-A412-2833BECCC2CA}.Debug|x86.ActiveCfg = Debug|Any CPU
		{6E638AE7-606B-4269-A412-2833BECCC2CA}.Debug|x86.Build.0 = Debug|Any CPU
		{6E638AE7-606B-4269-A412-2833BECCC2CA}.Release|Any CPU.ActiveCfg = Release|Any CPU
		{6E638AE7-606B-4269-A412-2833BECCC2CA}.Release|Any CPU.Build.0 = Release|Any CPU
		{6E638AE7-606B-4269-A412-2833BECCC2CA}.Release|x64.ActiveCfg = Release|Any CPU
		{6E638AE7-606B-4269-A412-2833BECCC2CA}.Release|x64.Build.0 = Release|Any CPU
		{6E638AE7-606B-4269-A412-2833BECCC2CA}.Release|x86.ActiveCfg = Release|Any CPU
		{6E638AE7-606B-4269-A412-2833BECCC2CA}.Release|x86.Build.0 = Release|Any CPU
		{4E23B9DC-45DA-4244-A37C-18CCE9DB021F}.Debug|Any CPU.ActiveCfg = Debug|Any CPU
		{4E23B9DC-45DA-4244-A37C-18CCE9DB021F}.Debug|Any CPU.Build.0 = Debug|Any CPU
		{4E23B9DC-45DA-4244-A37C-18CCE9DB021F}.Debug|x64.ActiveCfg = Debug|Any CPU
		{4E23B9DC-45DA-4244-A37C-18CCE9DB021F}.Debug|x64.Build.0 = Debug|Any CPU
		{4E23B9DC-45DA-4244-A37C-18CCE9DB021F}.Debug|x86.ActiveCfg = Debug|Any CPU
		{4E23B9DC-45DA-4244-A37C-18CCE9DB021F}.Debug|x86.Build.0 = Debug|Any CPU
		{4E23B9DC-45DA-4244-A37C-18CCE9DB021F}.Release|Any CPU.ActiveCfg = Release|Any CPU
		{4E23B9DC-45DA-4244-A37C-18CCE9DB021F}.Release|Any CPU.Build.0 = Release|Any CPU
		{4E23B9DC-45DA-4244-A37C-18CCE9DB021F}.Release|x64.ActiveCfg = Release|Any CPU
		{4E23B9DC-45DA-4244-A37C-18CCE9DB021F}.Release|x64.Build.0 = Release|Any CPU
		{4E23B9DC-45DA-4244-A37C-18CCE9DB021F}.Release|x86.ActiveCfg = Release|Any CPU
		{4E23B9DC-45DA-4244-A37C-18CCE9DB021F}.Release|x86.Build.0 = Release|Any CPU
		{B646393B-CD83-4A48-B214-E1BAFE42F786}.Debug|Any CPU.ActiveCfg = Debug|Any CPU
		{B646393B-CD83-4A48-B214-E1BAFE42F786}.Debug|Any CPU.Build.0 = Debug|Any CPU
		{B646393B-CD83-4A48-B214-E1BAFE42F786}.Debug|x64.ActiveCfg = Debug|Any CPU
		{B646393B-CD83-4A48-B214-E1BAFE42F786}.Debug|x64.Build.0 = Debug|Any CPU
		{B646393B-CD83-4A48-B214-E1BAFE42F786}.Debug|x86.ActiveCfg = Debug|Any CPU
		{B646393B-CD83-4A48-B214-E1BAFE42F786}.Debug|x86.Build.0 = Debug|Any CPU
		{B646393B-CD83-4A48-B214-E1BAFE42F786}.Release|Any CPU.ActiveCfg = Release|Any CPU
		{B646393B-CD83-4A48-B214-E1BAFE42F786}.Release|Any CPU.Build.0 = Release|Any CPU
		{B646393B-CD83-4A48-B214-E1BAFE42F786}.Release|x64.ActiveCfg = Release|Any CPU
		{B646393B-CD83-4A48-B214-E1BAFE42F786}.Release|x64.Build.0 = Release|Any CPU
		{B646393B-CD83-4A48-B214-E1BAFE42F786}.Release|x86.ActiveCfg = Release|Any CPU
		{B646393B-CD83-4A48-B214-E1BAFE42F786}.Release|x86.Build.0 = Release|Any CPU
		{7C2BB313-BB9D-4E36-B764-09246CEEFFB6}.Debug|Any CPU.ActiveCfg = Debug|Any CPU
		{7C2BB313-BB9D-4E36-B764-09246CEEFFB6}.Debug|Any CPU.Build.0 = Debug|Any CPU
		{7C2BB313-BB9D-4E36-B764-09246CEEFFB6}.Debug|x64.ActiveCfg = Debug|Any CPU
		{7C2BB313-BB9D-4E36-B764-09246CEEFFB6}.Debug|x64.Build.0 = Debug|Any CPU
		{7C2BB313-BB9D-4E36-B764-09246CEEFFB6}.Debug|x86.ActiveCfg = Debug|Any CPU
		{7C2BB313-BB9D-4E36-B764-09246CEEFFB6}.Debug|x86.Build.0 = Debug|Any CPU
		{7C2BB313-BB9D-4E36-B764-09246CEEFFB6}.Release|Any CPU.ActiveCfg = Release|Any CPU
		{7C2BB313-BB9D-4E36-B764-09246CEEFFB6}.Release|Any CPU.Build.0 = Release|Any CPU
		{7C2BB313-BB9D-4E36-B764-09246CEEFFB6}.Release|x64.ActiveCfg = Release|Any CPU
		{7C2BB313-BB9D-4E36-B764-09246CEEFFB6}.Release|x64.Build.0 = Release|Any CPU
		{7C2BB313-BB9D-4E36-B764-09246CEEFFB6}.Release|x86.ActiveCfg = Release|Any CPU
		{7C2BB313-BB9D-4E36-B764-09246CEEFFB6}.Release|x86.Build.0 = Release|Any CPU
		{E070A594-3829-4F11-A072-20334F4CC46A}.Debug|Any CPU.ActiveCfg = Debug|Any CPU
		{E070A594-3829-4F11-A072-20334F4CC46A}.Debug|Any CPU.Build.0 = Debug|Any CPU
		{E070A594-3829-4F11-A072-20334F4CC46A}.Debug|x64.ActiveCfg = Debug|Any CPU
		{E070A594-3829-4F11-A072-20334F4CC46A}.Debug|x64.Build.0 = Debug|Any CPU
		{E070A594-3829-4F11-A072-20334F4CC46A}.Debug|x86.ActiveCfg = Debug|Any CPU
		{E070A594-3829-4F11-A072-20334F4CC46A}.Debug|x86.Build.0 = Debug|Any CPU
		{E070A594-3829-4F11-A072-20334F4CC46A}.Release|Any CPU.ActiveCfg = Release|Any CPU
		{E070A594-3829-4F11-A072-20334F4CC46A}.Release|Any CPU.Build.0 = Release|Any CPU
		{E070A594-3829-4F11-A072-20334F4CC46A}.Release|x64.ActiveCfg = Release|Any CPU
		{E070A594-3829-4F11-A072-20334F4CC46A}.Release|x64.Build.0 = Release|Any CPU
		{E070A594-3829-4F11-A072-20334F4CC46A}.Release|x86.ActiveCfg = Release|Any CPU
		{E070A594-3829-4F11-A072-20334F4CC46A}.Release|x86.Build.0 = Release|Any CPU
		{E3A63F94-3790-4B39-AAE2-69AD4FE7F420}.Debug|Any CPU.ActiveCfg = Debug|Any CPU
		{E3A63F94-3790-4B39-AAE2-69AD4FE7F420}.Debug|Any CPU.Build.0 = Debug|Any CPU
		{E3A63F94-3790-4B39-AAE2-69AD4FE7F420}.Debug|x64.ActiveCfg = Debug|Any CPU
		{E3A63F94-3790-4B39-AAE2-69AD4FE7F420}.Debug|x64.Build.0 = Debug|Any CPU
		{E3A63F94-3790-4B39-AAE2-69AD4FE7F420}.Debug|x86.ActiveCfg = Debug|Any CPU
		{E3A63F94-3790-4B39-AAE2-69AD4FE7F420}.Debug|x86.Build.0 = Debug|Any CPU
		{E3A63F94-3790-4B39-AAE2-69AD4FE7F420}.Release|Any CPU.ActiveCfg = Release|Any CPU
		{E3A63F94-3790-4B39-AAE2-69AD4FE7F420}.Release|Any CPU.Build.0 = Release|Any CPU
		{E3A63F94-3790-4B39-AAE2-69AD4FE7F420}.Release|x64.ActiveCfg = Release|Any CPU
		{E3A63F94-3790-4B39-AAE2-69AD4FE7F420}.Release|x64.Build.0 = Release|Any CPU
		{E3A63F94-3790-4B39-AAE2-69AD4FE7F420}.Release|x86.ActiveCfg = Release|Any CPU
		{E3A63F94-3790-4B39-AAE2-69AD4FE7F420}.Release|x86.Build.0 = Release|Any CPU
		{FF897AEF-8748-4189-B34B-490ABAB09A40}.Debug|Any CPU.ActiveCfg = Debug|Any CPU
		{FF897AEF-8748-4189-B34B-490ABAB09A40}.Debug|Any CPU.Build.0 = Debug|Any CPU
		{FF897AEF-8748-4189-B34B-490ABAB09A40}.Debug|x64.ActiveCfg = Debug|Any CPU
		{FF897AEF-8748-4189-B34B-490ABAB09A40}.Debug|x64.Build.0 = Debug|Any CPU
		{FF897AEF-8748-4189-B34B-490ABAB09A40}.Debug|x86.ActiveCfg = Debug|Any CPU
		{FF897AEF-8748-4189-B34B-490ABAB09A40}.Debug|x86.Build.0 = Debug|Any CPU
		{FF897AEF-8748-4189-B34B-490ABAB09A40}.Release|Any CPU.ActiveCfg = Release|Any CPU
		{FF897AEF-8748-4189-B34B-490ABAB09A40}.Release|Any CPU.Build.0 = Release|Any CPU
		{FF897AEF-8748-4189-B34B-490ABAB09A40}.Release|x64.ActiveCfg = Release|Any CPU
		{FF897AEF-8748-4189-B34B-490ABAB09A40}.Release|x64.Build.0 = Release|Any CPU
		{FF897AEF-8748-4189-B34B-490ABAB09A40}.Release|x86.ActiveCfg = Release|Any CPU
		{FF897AEF-8748-4189-B34B-490ABAB09A40}.Release|x86.Build.0 = Release|Any CPU
		{5F351898-6E0F-41C8-ABA4-C14ED9E26E8A}.Debug|Any CPU.ActiveCfg = Debug|Any CPU
		{5F351898-6E0F-41C8-ABA4-C14ED9E26E8A}.Debug|Any CPU.Build.0 = Debug|Any CPU
		{5F351898-6E0F-41C8-ABA4-C14ED9E26E8A}.Debug|x64.ActiveCfg = Debug|Any CPU
		{5F351898-6E0F-41C8-ABA4-C14ED9E26E8A}.Debug|x64.Build.0 = Debug|Any CPU
		{5F351898-6E0F-41C8-ABA4-C14ED9E26E8A}.Debug|x86.ActiveCfg = Debug|Any CPU
		{5F351898-6E0F-41C8-ABA4-C14ED9E26E8A}.Debug|x86.Build.0 = Debug|Any CPU
		{5F351898-6E0F-41C8-ABA4-C14ED9E26E8A}.Release|Any CPU.ActiveCfg = Release|Any CPU
		{5F351898-6E0F-41C8-ABA4-C14ED9E26E8A}.Release|Any CPU.Build.0 = Release|Any CPU
		{5F351898-6E0F-41C8-ABA4-C14ED9E26E8A}.Release|x64.ActiveCfg = Release|Any CPU
		{5F351898-6E0F-41C8-ABA4-C14ED9E26E8A}.Release|x64.Build.0 = Release|Any CPU
		{5F351898-6E0F-41C8-ABA4-C14ED9E26E8A}.Release|x86.ActiveCfg = Release|Any CPU
		{5F351898-6E0F-41C8-ABA4-C14ED9E26E8A}.Release|x86.Build.0 = Release|Any CPU
		{76FD8C21-F338-4F56-8E57-A544B042EA2C}.Debug|Any CPU.ActiveCfg = Debug|Any CPU
		{76FD8C21-F338-4F56-8E57-A544B042EA2C}.Debug|Any CPU.Build.0 = Debug|Any CPU
		{76FD8C21-F338-4F56-8E57-A544B042EA2C}.Debug|x64.ActiveCfg = Debug|Any CPU
		{76FD8C21-F338-4F56-8E57-A544B042EA2C}.Debug|x64.Build.0 = Debug|Any CPU
		{76FD8C21-F338-4F56-8E57-A544B042EA2C}.Debug|x86.ActiveCfg = Debug|Any CPU
		{76FD8C21-F338-4F56-8E57-A544B042EA2C}.Debug|x86.Build.0 = Debug|Any CPU
		{76FD8C21-F338-4F56-8E57-A544B042EA2C}.Release|Any CPU.ActiveCfg = Release|Any CPU
		{76FD8C21-F338-4F56-8E57-A544B042EA2C}.Release|Any CPU.Build.0 = Release|Any CPU
		{76FD8C21-F338-4F56-8E57-A544B042EA2C}.Release|x64.ActiveCfg = Release|Any CPU
		{76FD8C21-F338-4F56-8E57-A544B042EA2C}.Release|x64.Build.0 = Release|Any CPU
		{76FD8C21-F338-4F56-8E57-A544B042EA2C}.Release|x86.ActiveCfg = Release|Any CPU
		{76FD8C21-F338-4F56-8E57-A544B042EA2C}.Release|x86.Build.0 = Release|Any CPU
		{D1D7E1A6-F2B2-496C-A08B-6DC546EB4BC1}.Debug|Any CPU.ActiveCfg = Debug|Any CPU
		{D1D7E1A6-F2B2-496C-A08B-6DC546EB4BC1}.Debug|Any CPU.Build.0 = Debug|Any CPU
		{D1D7E1A6-F2B2-496C-A08B-6DC546EB4BC1}.Debug|x64.ActiveCfg = Debug|Any CPU
		{D1D7E1A6-F2B2-496C-A08B-6DC546EB4BC1}.Debug|x64.Build.0 = Debug|Any CPU
		{D1D7E1A6-F2B2-496C-A08B-6DC546EB4BC1}.Debug|x86.ActiveCfg = Debug|Any CPU
		{D1D7E1A6-F2B2-496C-A08B-6DC546EB4BC1}.Debug|x86.Build.0 = Debug|Any CPU
		{D1D7E1A6-F2B2-496C-A08B-6DC546EB4BC1}.Release|Any CPU.ActiveCfg = Release|Any CPU
		{D1D7E1A6-F2B2-496C-A08B-6DC546EB4BC1}.Release|Any CPU.Build.0 = Release|Any CPU
		{D1D7E1A6-F2B2-496C-A08B-6DC546EB4BC1}.Release|x64.ActiveCfg = Release|Any CPU
		{D1D7E1A6-F2B2-496C-A08B-6DC546EB4BC1}.Release|x64.Build.0 = Release|Any CPU
		{D1D7E1A6-F2B2-496C-A08B-6DC546EB4BC1}.Release|x86.ActiveCfg = Release|Any CPU
		{D1D7E1A6-F2B2-496C-A08B-6DC546EB4BC1}.Release|x86.Build.0 = Release|Any CPU
		{C5D772AA-35D4-401E-8DDC-7DAA825A5D01}.Debug|Any CPU.ActiveCfg = Debug|Any CPU
		{C5D772AA-35D4-401E-8DDC-7DAA825A5D01}.Debug|Any CPU.Build.0 = Debug|Any CPU
		{C5D772AA-35D4-401E-8DDC-7DAA825A5D01}.Debug|x64.ActiveCfg = Debug|Any CPU
		{C5D772AA-35D4-401E-8DDC-7DAA825A5D01}.Debug|x64.Build.0 = Debug|Any CPU
		{C5D772AA-35D4-401E-8DDC-7DAA825A5D01}.Debug|x86.ActiveCfg = Debug|Any CPU
		{C5D772AA-35D4-401E-8DDC-7DAA825A5D01}.Debug|x86.Build.0 = Debug|Any CPU
		{C5D772AA-35D4-401E-8DDC-7DAA825A5D01}.Release|Any CPU.ActiveCfg = Release|Any CPU
		{C5D772AA-35D4-401E-8DDC-7DAA825A5D01}.Release|Any CPU.Build.0 = Release|Any CPU
		{C5D772AA-35D4-401E-8DDC-7DAA825A5D01}.Release|x64.ActiveCfg = Release|Any CPU
		{C5D772AA-35D4-401E-8DDC-7DAA825A5D01}.Release|x64.Build.0 = Release|Any CPU
		{C5D772AA-35D4-401E-8DDC-7DAA825A5D01}.Release|x86.ActiveCfg = Release|Any CPU
		{C5D772AA-35D4-401E-8DDC-7DAA825A5D01}.Release|x86.Build.0 = Release|Any CPU
	EndGlobalSection
	GlobalSection(SolutionProperties) = preSolution
		HideSolutionNode = FALSE
	EndGlobalSection
	GlobalSection(NestedProjects) = preSolution
		{08241E58-1E0D-463F-AE90-014DE479E64D} = {7266C4A9-E384-DC00-0EB6-47F6002CFBA7}
		{B2A244AD-E496-4BBD-99EC-F5743BB5211D} = {E54149B9-7F22-367F-9CC5-FD829E3AA07B}
		{9513AF22-8A4F-4413-939B-4A7F9192EACD} = {EB6849BA-AABB-1922-712B-1FE086F7B274}
		{417CC523-CAB4-4D12-9144-2E0003FA638E} = {7266C4A9-E384-DC00-0EB6-47F6002CFBA7}
		{1F82A294-BBA1-4A3F-B092-8E9443ED885F} = {7266C4A9-E384-DC00-0EB6-47F6002CFBA7}
		{2F2170E0-212A-4F54-A5D5-578C9A98E966} = {7266C4A9-E384-DC00-0EB6-47F6002CFBA7}
		{875CD587-DE2F-08EE-74FB-D6BE4E474EF3} = {0AB3BF05-4346-4AA6-1389-037BE0695223}
		{8870DB21-3B2A-4354-A57D-DDD1D743A168} = {875CD587-DE2F-08EE-74FB-D6BE4E474EF3}
		{0BBE7088-7CBC-971A-0DFF-8D023E1EA1B7} = {0AB3BF05-4346-4AA6-1389-037BE0695223}
		{91CEB248-3896-4F21-AF27-60B379F8550D} = {0BBE7088-7CBC-971A-0DFF-8D023E1EA1B7}
		{9A226CF2-40B0-73DD-2F5C-7F54B344D289} = {0AB3BF05-4346-4AA6-1389-037BE0695223}
		{DFF1B5A5-874C-45F3-8A7D-DBE8513684EC} = {9A226CF2-40B0-73DD-2F5C-7F54B344D289}
		{6E638AE7-606B-4269-A412-2833BECCC2CA} = {EB6849BA-AABB-1922-712B-1FE086F7B274}
		{4E23B9DC-45DA-4244-A37C-18CCE9DB021F} = {9A226CF2-40B0-73DD-2F5C-7F54B344D289}
		{B646393B-CD83-4A48-B214-E1BAFE42F786} = {9A226CF2-40B0-73DD-2F5C-7F54B344D289}
		{7C2BB313-BB9D-4E36-B764-09246CEEFFB6} = {EB6849BA-AABB-1922-712B-1FE086F7B274}
		{E070A594-3829-4F11-A072-20334F4CC46A} = {EB6849BA-AABB-1922-712B-1FE086F7B274}
		{E3A63F94-3790-4B39-AAE2-69AD4FE7F420} = {EB6849BA-AABB-1922-712B-1FE086F7B274}
		{FF897AEF-8748-4189-B34B-490ABAB09A40} = {EB6849BA-AABB-1922-712B-1FE086F7B274}
		{5F351898-6E0F-41C8-ABA4-C14ED9E26E8A} = {EB6849BA-AABB-1922-712B-1FE086F7B274}
		{76FD8C21-F338-4F56-8E57-A544B042EA2C} = {EB6849BA-AABB-1922-712B-1FE086F7B274}
		{AD3136F1-6676-2AF3-8A96-F3C6585F1CB9} = {0AB3BF05-4346-4AA6-1389-037BE0695223}
		{D1D7E1A6-F2B2-496C-A08B-6DC546EB4BC1} = {AD3136F1-6676-2AF3-8A96-F3C6585F1CB9}
		{C5D772AA-35D4-401E-8DDC-7DAA825A5D01} = {07C2787E-EAC7-C090-1BA3-A61EC2A24D84}
	EndGlobalSection
EndGlobal
