{
  "version": 2,
  "dependencies": {
    "net10.0": {
      "Microsoft.Extensions.DependencyInjection": {
        "type": "Direct",
        "requested": "[10.0.12, )",
        "resolved": "10.0.12",
        "contentHash": "lXyK2O5GoYvfxW8eCFcD16JFbcoSTM1sJkAM0UHS1jZyl9NYMW64Tqm6OQFT0IDBjZi+xHt95/Zg+nxZhGFhZg==",
        "dependencies": {
          "Microsoft.Extensions.DependencyInjection.Abstractions": "10.0.12"
        }
      },
      "Microsoft.Extensions.Options.ConfigurationExtensions": {
        "type": "Direct",
        "requested": "[10.0.12, )",
        "resolved": "10.0.12",
        "contentHash": "rqpu4qj5WE9x1IHGXSIgHBKi7IUlQaHyp4aXCYIanG2OghlUMFZpZTgExaXwcvmLAJHsxKQWMPpc7D2WIbCVtA==",
        "dependencies": {
          "Microsoft.Extensions.Configuration.Abstractions": "10.0.12",
          "Microsoft.Extensions.Configuration.Binder": "10.0.12",
          "Microsoft.Extensions.DependencyInjection.Abstractions": "10.0.12",
          "Microsoft.Extensions.Options": "10.0.12",
          "Microsoft.Extensions.Primitives": "10.0.12"
        }
      },
      "Microsoft.ML": {
        "type": "Direct",
        "requested": "[5.0.0, )",
        "resolved": "5.0.0",
        "contentHash": "clHLX6bjcRpuHDRkXwkm/gSILifT0DOXXzgor4kBhjTkz5G419BCXhZ1xVk/GsMH6koqWwMONjQKzSSCSVZrIQ==",
        "dependencies": {
          "Microsoft.Bcl.AsyncInterfaces": "9.0.4",
          "Microsoft.ML.CpuMath": "5.0.0",
          "Microsoft.ML.DataView": "5.0.0",
          "Newtonsoft.Json": "13.0.3",
          "System.CodeDom": "9.0.4",
          "System.Numerics.Tensors": "9.0.4"
        }
      },
      "Microsoft.ML.TimeSeries": {
        "type": "Direct",
        "requested": "[5.0.0, )",
        "resolved": "5.0.0",
        "contentHash": "tDk3a+Ju1GZrV/1Z6/3smAqeP+eISKie18PxVFZk3/KypQOoCGLjb71RoceN5MAM2NKGnzi2u3yCMWjDQmM3jw==",
        "dependencies": {
          "Microsoft.Bcl.AsyncInterfaces": "9.0.4",
          "Microsoft.ML": "5.0.0",
          "Microsoft.ML.Mkl.Redist": "5.0.0",
          "Newtonsoft.Json": "13.0.3",
          "System.CodeDom": "9.0.4",
          "System.Numerics.Tensors": "9.0.4"
        }
      },
      "Microsoft.Bcl.AsyncInterfaces": {
        "type": "Transitive",
        "resolved": "9.0.4",
        "contentHash": "9VGI5kxIvrNG2mqLQZnUR6y/3fcnygD8eNpHR+CqfbnIXvea6nehnYknDKQTxZVPMpzpNca+7DxLBmpdB3q0Bw=="
      },
      "Microsoft.Extensions.Configuration": {
        "type": "Transitive",
        "resolved": "10.0.12",
        "contentHash": "e3IPP32CRNL031VZJAUTlCTG0YN7WFh4mN3fsSHTDQCJB+3+f0jGycv4fXk3rrftaY3B85XrQaj7sRthrOsavg==",
        "dependencies": {
          "Microsoft.Extensions.Configuration.Abstractions": "10.0.12",
          "Microsoft.Extensions.Primitives": "10.0.12"
        }
      },
      "Microsoft.Extensions.Configuration.Abstractions": {
        "type": "Transitive",
        "resolved": "10.0.12",
        "contentHash": "8xaGcvS/qZ1otoxPQCEJkNva389CVL/plNcvIETZhQTETYdRkYDPEYhUMoAGONo4FU45ufdfE0j29AfWVVj0wA==",
        "dependencies": {
          "Microsoft.Extensions.Primitives": "10.0.12"
        }
      },
      "Microsoft.Extensions.Configuration.Binder": {
        "type": "Transitive",
        "resolved": "10.0.12",
        "contentHash": "dAgIf1TOr8KLs+aBRIbXUZBjHoSH4rDG8+XkX/Q6AZwkQdMA0+yPDKTHsieeXdZDfpOpZVHzOnuAb5Z2nX3KsA==",
        "dependencies": {
          "Microsoft.Extensions.Configuration": "10.0.12",
          "Microsoft.Extensions.Configuration.Abstractions": "10.0.12"
        }
      },
      "Microsoft.Extensions.DependencyInjection.Abstractions": {
        "type": "Transitive",
        "resolved": "10.0.12",
        "contentHash": "9/qymSh7hVDMGTGwrLz8MRp5zRyXy9adGDOs4HwRdnLil3oZGYuWeZjbmHgCQ9BL1qBroVfgUK3U/nb61617Cw=="
      },
      "Microsoft.Extensions.Options": {
        "type": "Transitive",
        "resolved": "10.0.12",
        "contentHash": "TDYD33TSRpXKZWlmTXNlj5kCihxatmv2Ec1u6C+bMYLphCS7PoSLE9Pjd/nunDoE7yETk+LLKjVJX78HYtWjpA==",
        "dependencies": {
          "Microsoft.Extensions.DependencyInjection.Abstractions": "10.0.12",
          "Microsoft.Extensions.Primitives": "10.0.12"
        }
      },
      "Microsoft.Extensions.Primitives": {
        "type": "Transitive",
        "resolved": "10.0.12",
        "contentHash": "dYfCLR52UA+3DL7C4I/pvSaRPkNqxrUAQmbFL2u0zvYKKzqgrFCJl08Df+F1aYc8leu9JvpC9bsURUdpExcBXQ=="
      },
      "Microsoft.ML.CpuMath": {
        "type": "Transitive",
        "resolved": "5.0.0",
        "contentHash": "Qv0OeYmFkzDC9AjfJfUUTiIYcnb49K5oGtUUOIkr0BrApqWm6niHZqCrD3iJJi2BORbto/eEfP7/+uNqHxGvYg==",
        "dependencies": {
          "System.Numerics.Tensors": "9.0.4"
        }
      },
      "Microsoft.ML.DataView": {
        "type": "Transitive",
        "resolved": "5.0.0",
        "contentHash": "G8onJ9msBpLYea29WyG+NRV010rg75hJDUIEK3+sSDFAR0OV5p74QjZWnpNbyhT8OkAJdSNkif4l9/iCWZ2LOQ=="
      },
      "Microsoft.ML.Mkl.Redist": {
        "type": "Transitive",
        "resolved": "5.0.0",
        "contentHash": "2ml+nLekvALAkyxeJMx2VEme5KZqfwBAQ5YnjXhTPv+LbKsbpJLYbzlIT5HGIDaBkV6H2OOek9f3gWpfgZPaMg=="
      },
      "Newtonsoft.Json": {
        "type": "Transitive",
        "resolved": "13.0.3",
        "contentHash": "HrC5BXdl00IP9zeV+0Z848QWPAoCr9P3bDEZguI+gkLcBKAOxix/tLEAAHC+UvDNPv4a2d18lOReHMOagPa+zQ=="
      },
      "System.CodeDom": {
        "type": "Transitive",
        "resolved": "9.0.4",
        "contentHash": "aJdv7Z87PoPW8ijvGIincocooYRbH3Umtlz7OrJKf6GDInbdu1bvk5X1fFlmbl7WP+9ntoIBd7NjKz+siVFdHA=="
      },
      "System.Numerics.Tensors": {
        "type": "Transitive",
        "resolved": "9.0.4",
        "contentHash": "ynVvqELpMWGQJ1Y90rlAmuTiSQIkXD0W5AMj7pVpEjECmrcIJLexIBblgccerHFijayfcsl1KCbkk+Sg5cS9vQ=="
      },
      "norn.contracts": {
        "type": "Project"
      }
    }
  }
}